// !$*UTF8*$!
{
	archiveVersion = 1;
	classes = {
	};
	objectVersion = 47;
	objects = {

/* Begin PBXBuildFile section */
		1C4C6D7EC5763B739E45C302 /* Pods_MovieStoreTests.framework in Frameworks */ = {isa = PBXBuildFile; fileRef = B202B8F874B2FB4C56AF0292 /* Pods_MovieStoreTests.framework */; };
		2F0E728C157FE38F6B863B7B /* Pods_MovieStoreUITests.framework in Frameworks */ = {isa = PBXBuildFile; fileRef = 36095066C71DFBED5D735DE2 /* Pods_MovieStoreUITests.framework */; };
		5EF325F636B28F9A746C3BC8 /* Pods_MovieStore.framework in Frameworks */ = {isa = PBXBuildFile; fileRef = D305B19BFBBDA3EB5FBDEC0A /* Pods_MovieStore.framework */; };
		BA1C50AA1FA8981F00536427 /* PopularViewController.swift in Sources */ = {isa = PBXBuildFile; fileRef = BA1C50A91FA8981F00536427 /* PopularViewController.swift */; };
		BA1C50AC1FA89A3500536427 /* MovieViewCell.xib in Resources */ = {isa = PBXBuildFile; fileRef = BA1C50AB1FA89A3500536427 /* MovieViewCell.xib */; };
		BA75F7D51F988A0000BFA5DF /* Movie.swift in Sources */ = {isa = PBXBuildFile; fileRef = BA75F7D41F988A0000BFA5DF /* Movie.swift */; };
		BA75F7D71F988C0300BFA5DF /* Constants.swift in Sources */ = {isa = PBXBuildFile; fileRef = BA75F7D61F988C0300BFA5DF /* Constants.swift */; };
		BA78FF151FA6C43300D44857 /* AboutViewController.swift in Sources */ = {isa = PBXBuildFile; fileRef = BA78FF141FA6C43300D44857 /* AboutViewController.swift */; };
		BA85DA551FA9B4E800D947C2 /* FavoriteViewController.swift in Sources */ = {isa = PBXBuildFile; fileRef = BA85DA541FA9B4E800D947C2 /* FavoriteViewController.swift */; };
		BA897ED71FA6CDF9007755F5 /* WebKit.framework in Frameworks */ = {isa = PBXBuildFile; fileRef = BA897ED61FA6CDF9007755F5 /* WebKit.framework */; };
		BA897ED91FA6DF6B007755F5 /* APIManager.swift in Sources */ = {isa = PBXBuildFile; fileRef = BA897ED81FA6DF6B007755F5 /* APIManager.swift */; };
		BA897EDB1FA6DF80007755F5 /* MovieAPI.swift in Sources */ = {isa = PBXBuildFile; fileRef = BA897EDA1FA6DF80007755F5 /* MovieAPI.swift */; };
		BAE830EF1F95DDF100C4246F /* AppDelegate.swift in Sources */ = {isa = PBXBuildFile; fileRef = BAE830EE1F95DDF100C4246F /* AppDelegate.swift */; };
		BAE830F11F95DDF200C4246F /* ViewController.swift in Sources */ = {isa = PBXBuildFile; fileRef = BAE830F01F95DDF200C4246F /* ViewController.swift */; };
		BAE830F41F95DDF300C4246F /* Main.storyboard in Resources */ = {isa = PBXBuildFile; fileRef = BAE830F21F95DDF300C4246F /* Main.storyboard */; };
		BAE830F71F95DDF600C4246F /* MovieStore.xcdatamodeld in Sources */ = {isa = PBXBuildFile; fileRef = BAE830F51F95DDF500C4246F /* MovieStore.xcdatamodeld */; };
		BAE830F91F95DDF800C4246F /* Assets.xcassets in Resources */ = {isa = PBXBuildFile; fileRef = BAE830F81F95DDF800C4246F /* Assets.xcassets */; };
		BAE830FC1F95DDF800C4246F /* LaunchScreen.storyboard in Resources */ = {isa = PBXBuildFile; fileRef = BAE830FA1F95DDF800C4246F /* LaunchScreen.storyboard */; };
		BAE831071F95DDFC00C4246F /* MovieStoreTests.swift in Sources */ = {isa = PBXBuildFile; fileRef = BAE831061F95DDFC00C4246F /* MovieStoreTests.swift */; };
		BAE831121F95DDFD00C4246F /* MovieStoreUITests.swift in Sources */ = {isa = PBXBuildFile; fileRef = BAE831111F95DDFD00C4246F /* MovieStoreUITests.swift */; };
		BAE8313E1F95FA3300C4246F /* Podfile in Resources */ = {isa = PBXBuildFile; fileRef = BAE8313D1F95FA3300C4246F /* Podfile */; };
		FC4917DC1FA914A000581CDF /* GridLayout.swift in Sources */ = {isa = PBXBuildFile; fileRef = FC4917DB1FA914A000581CDF /* GridLayout.swift */; };
		FC4917DE1FA9151600581CDF /* MovieCollectionViewCell.swift in Sources */ = {isa = PBXBuildFile; fileRef = FC4917DD1FA9151600581CDF /* MovieCollectionViewCell.swift */; };
		FC4917E11FA93F2900581CDF /* ListLayout.swift in Sources */ = {isa = PBXBuildFile; fileRef = FC4917E01FA93F2900581CDF /* ListLayout.swift */; };
/* End PBXBuildFile section */

/* Begin PBXContainerItemProxy section */
		BAE831031F95DDFA00C4246F /* PBXContainerItemProxy */ = {
			isa = PBXContainerItemProxy;
			containerPortal = BAE830E31F95DDEE00C4246F /* Project object */;
			proxyType = 1;
			remoteGlobalIDString = BAE830EA1F95DDF000C4246F;
			remoteInfo = MovieStore;
		};
		BAE8310E1F95DDFC00C4246F /* PBXContainerItemProxy */ = {
			isa = PBXContainerItemProxy;
			containerPortal = BAE830E31F95DDEE00C4246F /* Project object */;
			proxyType = 1;
			remoteGlobalIDString = BAE830EA1F95DDF000C4246F;
			remoteInfo = MovieStore;
		};
/* End PBXContainerItemProxy section */

/* Begin PBXFileReference section */
		077034FDDA904EBC38A0006D /* Pods-MovieStoreUITests.release.xcconfig */ = {isa = PBXFileReference; includeInIndex = 1; lastKnownFileType = text.xcconfig; name = "Pods-MovieStoreUITests.release.xcconfig"; path = "Pods/Target Support Files/Pods-MovieStoreUITests/Pods-MovieStoreUITests.release.xcconfig"; sourceTree = "<group>"; };
		255AFD4BF3ACA1765EA80B05 /* Pods-MovieStoreTests.release.xcconfig */ = {isa = PBXFileReference; includeInIndex = 1; lastKnownFileType = text.xcconfig; name = "Pods-MovieStoreTests.release.xcconfig"; path = "Pods/Target Support Files/Pods-MovieStoreTests/Pods-MovieStoreTests.release.xcconfig"; sourceTree = "<group>"; };
		35FC258CB59279DAC7E9F8A9 /* Pods-MovieStoreTests.debug.xcconfig */ = {isa = PBXFileReference; includeInIndex = 1; lastKnownFileType = text.xcconfig; name = "Pods-MovieStoreTests.debug.xcconfig"; path = "Pods/Target Support Files/Pods-MovieStoreTests/Pods-MovieStoreTests.debug.xcconfig"; sourceTree = "<group>"; };
		36095066C71DFBED5D735DE2 /* Pods_MovieStoreUITests.framework */ = {isa = PBXFileReference; explicitFileType = wrapper.framework; includeInIndex = 0; path = Pods_MovieStoreUITests.framework; sourceTree = BUILT_PRODUCTS_DIR; };
		6279AD61952A21DEC90DBF7E /* Pods-MovieStore.debug.xcconfig */ = {isa = PBXFileReference; includeInIndex = 1; lastKnownFileType = text.xcconfig; name = "Pods-MovieStore.debug.xcconfig"; path = "Pods/Target Support Files/Pods-MovieStore/Pods-MovieStore.debug.xcconfig"; sourceTree = "<group>"; };
		B202B8F874B2FB4C56AF0292 /* Pods_MovieStoreTests.framework */ = {isa = PBXFileReference; explicitFileType = wrapper.framework; includeInIndex = 0; path = Pods_MovieStoreTests.framework; sourceTree = BUILT_PRODUCTS_DIR; };
		BA1C50A91FA8981F00536427 /* PopularViewController.swift */ = {isa = PBXFileReference; lastKnownFileType = sourcecode.swift; path = PopularViewController.swift; sourceTree = "<group>"; };
		BA1C50AB1FA89A3500536427 /* MovieViewCell.xib */ = {isa = PBXFileReference; lastKnownFileType = file.xib; path = MovieViewCell.xib; sourceTree = "<group>"; };
		BA75F7D41F988A0000BFA5DF /* Movie.swift */ = {isa = PBXFileReference; lastKnownFileType = sourcecode.swift; path = Movie.swift; sourceTree = "<group>"; };
		BA75F7D61F988C0300BFA5DF /* Constants.swift */ = {isa = PBXFileReference; lastKnownFileType = sourcecode.swift; path = Constants.swift; sourceTree = "<group>"; };
		BA78FF141FA6C43300D44857 /* AboutViewController.swift */ = {isa = PBXFileReference; lastKnownFileType = sourcecode.swift; path = AboutViewController.swift; sourceTree = "<group>"; };
		BA85DA541FA9B4E800D947C2 /* FavoriteViewController.swift */ = {isa = PBXFileReference; lastKnownFileType = sourcecode.swift; path = FavoriteViewController.swift; sourceTree = "<group>"; };
		BA897ED61FA6CDF9007755F5 /* WebKit.framework */ = {isa = PBXFileReference; lastKnownFileType = wrapper.framework; name = WebKit.framework; path = System/Library/Frameworks/WebKit.framework; sourceTree = SDKROOT; };
		BA897ED81FA6DF6B007755F5 /* APIManager.swift */ = {isa = PBXFileReference; lastKnownFileType = sourcecode.swift; path = APIManager.swift; sourceTree = "<group>"; };
		BA897EDA1FA6DF80007755F5 /* MovieAPI.swift */ = {isa = PBXFileReference; lastKnownFileType = sourcecode.swift; path = MovieAPI.swift; sourceTree = "<group>"; };
		BAE830EB1F95DDF000C4246F /* MovieStore.app */ = {isa = PBXFileReference; explicitFileType = wrapper.application; includeInIndex = 0; path = MovieStore.app; sourceTree = BUILT_PRODUCTS_DIR; };
		BAE830EE1F95DDF100C4246F /* AppDelegate.swift */ = {isa = PBXFileReference; lastKnownFileType = sourcecode.swift; path = AppDelegate.swift; sourceTree = "<group>"; };
		BAE830F01F95DDF200C4246F /* ViewController.swift */ = {isa = PBXFileReference; lastKnownFileType = sourcecode.swift; path = ViewController.swift; sourceTree = "<group>"; };
		BAE830F31F95DDF300C4246F /* Base */ = {isa = PBXFileReference; lastKnownFileType = file.storyboard; name = Base; path = Base.lproj/Main.storyboard; sourceTree = "<group>"; };
		BAE830F61F95DDF500C4246F /* MovieStore.xcdatamodel */ = {isa = PBXFileReference; lastKnownFileType = wrapper.xcdatamodel; path = MovieStore.xcdatamodel; sourceTree = "<group>"; };
		BAE830F81F95DDF800C4246F /* Assets.xcassets */ = {isa = PBXFileReference; lastKnownFileType = folder.assetcatalog; path = Assets.xcassets; sourceTree = "<group>"; };
		BAE830FB1F95DDF800C4246F /* Base */ = {isa = PBXFileReference; lastKnownFileType = file.storyboard; name = Base; path = Base.lproj/LaunchScreen.storyboard; sourceTree = "<group>"; };
		BAE830FD1F95DDF900C4246F /* Info.plist */ = {isa = PBXFileReference; lastKnownFileType = text.plist.xml; path = Info.plist; sourceTree = "<group>"; };
		BAE831021F95DDFA00C4246F /* MovieStoreTests.xctest */ = {isa = PBXFileReference; explicitFileType = wrapper.cfbundle; includeInIndex = 0; path = MovieStoreTests.xctest; sourceTree = BUILT_PRODUCTS_DIR; };
		BAE831061F95DDFC00C4246F /* MovieStoreTests.swift */ = {isa = PBXFileReference; lastKnownFileType = sourcecode.swift; path = MovieStoreTests.swift; sourceTree = "<group>"; };
		BAE831081F95DDFC00C4246F /* Info.plist */ = {isa = PBXFileReference; lastKnownFileType = text.plist.xml; path = Info.plist; sourceTree = "<group>"; };
		BAE8310D1F95DDFC00C4246F /* MovieStoreUITests.xctest */ = {isa = PBXFileReference; explicitFileType = wrapper.cfbundle; includeInIndex = 0; path = MovieStoreUITests.xctest; sourceTree = BUILT_PRODUCTS_DIR; };
		BAE831111F95DDFD00C4246F /* MovieStoreUITests.swift */ = {isa = PBXFileReference; lastKnownFileType = sourcecode.swift; path = MovieStoreUITests.swift; sourceTree = "<group>"; };
		BAE831131F95DDFD00C4246F /* Info.plist */ = {isa = PBXFileReference; lastKnownFileType = text.plist.xml; path = Info.plist; sourceTree = "<group>"; };
		BAE8313D1F95FA3300C4246F /* Podfile */ = {isa = PBXFileReference; fileEncoding = 4; lastKnownFileType = text; path = Podfile; sourceTree = "<group>"; xcLanguageSpecificationIdentifier = xcode.lang.ruby; };
		C730B3F58BC3F783F123829A /* Pods-MovieStoreUITests.debug.xcconfig */ = {isa = PBXFileReference; includeInIndex = 1; lastKnownFileType = text.xcconfig; name = "Pods-MovieStoreUITests.debug.xcconfig"; path = "Pods/Target Support Files/Pods-MovieStoreUITests/Pods-MovieStoreUITests.debug.xcconfig"; sourceTree = "<group>"; };
		D305B19BFBBDA3EB5FBDEC0A /* Pods_MovieStore.framework */ = {isa = PBXFileReference; explicitFileType = wrapper.framework; includeInIndex = 0; path = Pods_MovieStore.framework; sourceTree = BUILT_PRODUCTS_DIR; };
		E4E1CDDFD2AF8E7DB6A94D2A /* Pods-MovieStore.release.xcconfig */ = {isa = PBXFileReference; includeInIndex = 1; lastKnownFileType = text.xcconfig; name = "Pods-MovieStore.release.xcconfig"; path = "Pods/Target Support Files/Pods-MovieStore/Pods-MovieStore.release.xcconfig"; sourceTree = "<group>"; };
		FC4917DB1FA914A000581CDF /* GridLayout.swift */ = {isa = PBXFileReference; lastKnownFileType = sourcecode.swift; path = GridLayout.swift; sourceTree = "<group>"; };
		FC4917DD1FA9151600581CDF /* MovieCollectionViewCell.swift */ = {isa = PBXFileReference; lastKnownFileType = sourcecode.swift; path = MovieCollectionViewCell.swift; sourceTree = "<group>"; };
		FC4917E01FA93F2900581CDF /* ListLayout.swift */ = {isa = PBXFileReference; lastKnownFileType = sourcecode.swift; path = ListLayout.swift; sourceTree = "<group>"; };
/* End PBXFileReference section */

/* Begin PBXFrameworksBuildPhase section */
		BAE830E81F95DDF000C4246F /* Frameworks */ = {
			isa = PBXFrameworksBuildPhase;
			buildActionMask = 2147483647;
			files = (
				BA897ED71FA6CDF9007755F5 /* WebKit.framework in Frameworks */,
				5EF325F636B28F9A746C3BC8 /* Pods_MovieStore.framework in Frameworks */,
			);
			runOnlyForDeploymentPostprocessing = 0;
		};
		BAE830FF1F95DDFA00C4246F /* Frameworks */ = {
			isa = PBXFrameworksBuildPhase;
			buildActionMask = 2147483647;
			files = (
				1C4C6D7EC5763B739E45C302 /* Pods_MovieStoreTests.framework in Frameworks */,
			);
			runOnlyForDeploymentPostprocessing = 0;
		};
		BAE8310A1F95DDFC00C4246F /* Frameworks */ = {
			isa = PBXFrameworksBuildPhase;
			buildActionMask = 2147483647;
			files = (
				2F0E728C157FE38F6B863B7B /* Pods_MovieStoreUITests.framework in Frameworks */,
			);
			runOnlyForDeploymentPostprocessing = 0;
		};
/* End PBXFrameworksBuildPhase section */

/* Begin PBXGroup section */
		1DCAD8A4ECAEB6B3DF15422C /* Pods */ = {
			isa = PBXGroup;
			children = (
				6279AD61952A21DEC90DBF7E /* Pods-MovieStore.debug.xcconfig */,
				E4E1CDDFD2AF8E7DB6A94D2A /* Pods-MovieStore.release.xcconfig */,
				35FC258CB59279DAC7E9F8A9 /* Pods-MovieStoreTests.debug.xcconfig */,
				255AFD4BF3ACA1765EA80B05 /* Pods-MovieStoreTests.release.xcconfig */,
				C730B3F58BC3F783F123829A /* Pods-MovieStoreUITests.debug.xcconfig */,
				077034FDDA904EBC38A0006D /* Pods-MovieStoreUITests.release.xcconfig */,
			);
			name = Pods;
			sourceTree = "<group>";
		};
		BA75F7D01F9887FC00BFA5DF /* Model */ = {
			isa = PBXGroup;
			children = (
				BA75F7D41F988A0000BFA5DF /* Movie.swift */,
			);
			path = Model;
			sourceTree = "<group>";
		};
		BA75F7D11F98880400BFA5DF /* View */ = {
			isa = PBXGroup;
			children = (
				BA1C50AB1FA89A3500536427 /* MovieViewCell.xib */,
				FC4917DB1FA914A000581CDF /* GridLayout.swift */,
				FC4917DD1FA9151600581CDF /* MovieCollectionViewCell.swift */,
				FC4917E01FA93F2900581CDF /* ListLayout.swift */,
			);
			path = View;
			sourceTree = "<group>";
		};
		BA75F7D21F98881400BFA5DF /* Controller */ = {
			isa = PBXGroup;
			children = (
				BA78FF141FA6C43300D44857 /* AboutViewController.swift */,
				BA1C50A91FA8981F00536427 /* PopularViewController.swift */,
				BA85DA541FA9B4E800D947C2 /* FavoriteViewController.swift */,
			);
			path = Controller;
			sourceTree = "<group>";
		};
		BA75F7D31F98891E00BFA5DF /* APIManager */ = {
			isa = PBXGroup;
			children = (
				BA897ED81FA6DF6B007755F5 /* APIManager.swift */,
				BA897EDA1FA6DF80007755F5 /* MovieAPI.swift */,
			);
			path = APIManager;
			sourceTree = "<group>";
		};
		BAE830E21F95DDEE00C4246F = {
			isa = PBXGroup;
			children = (
				BAE8313D1F95FA3300C4246F /* Podfile */,
				BAE830ED1F95DDF000C4246F /* MovieStore */,
				BAE831051F95DDFB00C4246F /* MovieStoreTests */,
				BAE831101F95DDFD00C4246F /* MovieStoreUITests */,
				BAE830EC1F95DDF000C4246F /* Products */,
				1DCAD8A4ECAEB6B3DF15422C /* Pods */,
				F9BBFADFBDED0C68D24B46BE /* Frameworks */,
			);
			sourceTree = "<group>";
		};
		BAE830EC1F95DDF000C4246F /* Products */ = {
			isa = PBXGroup;
			children = (
				BAE830EB1F95DDF000C4246F /* MovieStore.app */,
				BAE831021F95DDFA00C4246F /* MovieStoreTests.xctest */,
				BAE8310D1F95DDFC00C4246F /* MovieStoreUITests.xctest */,
			);
			name = Products;
			sourceTree = "<group>";
		};
		BAE830ED1F95DDF000C4246F /* MovieStore */ = {
			isa = PBXGroup;
			children = (
				BA75F7D31F98891E00BFA5DF /* APIManager */,
				BA75F7D21F98881400BFA5DF /* Controller */,
				BA75F7D11F98880400BFA5DF /* View */,
				BA75F7D01F9887FC00BFA5DF /* Model */,
				BAE830EE1F95DDF100C4246F /* AppDelegate.swift */,
				BAE830F01F95DDF200C4246F /* ViewController.swift */,
				BAE830F21F95DDF300C4246F /* Main.storyboard */,
				BAE830F81F95DDF800C4246F /* Assets.xcassets */,
				BAE830FA1F95DDF800C4246F /* LaunchScreen.storyboard */,
				BAE830FD1F95DDF900C4246F /* Info.plist */,
				BAE830F51F95DDF500C4246F /* MovieStore.xcdatamodeld */,
				BA75F7D61F988C0300BFA5DF /* Constants.swift */,
			);
			path = MovieStore;
			sourceTree = "<group>";
		};
		BAE831051F95DDFB00C4246F /* MovieStoreTests */ = {
			isa = PBXGroup;
			children = (
				BAE831061F95DDFC00C4246F /* MovieStoreTests.swift */,
				BAE831081F95DDFC00C4246F /* Info.plist */,
			);
			path = MovieStoreTests;
			sourceTree = "<group>";
		};
		BAE831101F95DDFD00C4246F /* MovieStoreUITests */ = {
			isa = PBXGroup;
			children = (
				BAE831111F95DDFD00C4246F /* MovieStoreUITests.swift */,
				BAE831131F95DDFD00C4246F /* Info.plist */,
			);
			path = MovieStoreUITests;
			sourceTree = "<group>";
		};
		F9BBFADFBDED0C68D24B46BE /* Frameworks */ = {
			isa = PBXGroup;
			children = (
				BA897ED61FA6CDF9007755F5 /* WebKit.framework */,
				D305B19BFBBDA3EB5FBDEC0A /* Pods_MovieStore.framework */,
				B202B8F874B2FB4C56AF0292 /* Pods_MovieStoreTests.framework */,
				36095066C71DFBED5D735DE2 /* Pods_MovieStoreUITests.framework */,
			);
			name = Frameworks;
			sourceTree = "<group>";
		};
/* End PBXGroup section */

/* Begin PBXNativeTarget section */
		BAE830EA1F95DDF000C4246F /* MovieStore */ = {
			isa = PBXNativeTarget;
			buildConfigurationList = BAE831161F95DDFD00C4246F /* Build configuration list for PBXNativeTarget "MovieStore" */;
			buildPhases = (
				EAB067B9571BDDEC9F646DE6 /* [CP] Check Pods Manifest.lock */,
				BAE830E71F95DDF000C4246F /* Sources */,
				BAE830E81F95DDF000C4246F /* Frameworks */,
				BAE830E91F95DDF000C4246F /* Resources */,
				69A35094C4D208719531FA7E /* [CP] Embed Pods Frameworks */,
				3FF35ECB8F23717BE22E898C /* [CP] Copy Pods Resources */,
			);
			buildRules = (
			);
			dependencies = (
			);
			name = MovieStore;
			productName = MovieStore;
			productReference = BAE830EB1F95DDF000C4246F /* MovieStore.app */;
			productType = "com.apple.product-type.application";
		};
		BAE831011F95DDFA00C4246F /* MovieStoreTests */ = {
			isa = PBXNativeTarget;
			buildConfigurationList = BAE831191F95DDFD00C4246F /* Build configuration list for PBXNativeTarget "MovieStoreTests" */;
			buildPhases = (
				69C1BF984310AF841B5DA319 /* [CP] Check Pods Manifest.lock */,
				BAE830FE1F95DDFA00C4246F /* Sources */,
				BAE830FF1F95DDFA00C4246F /* Frameworks */,
				BAE831001F95DDFA00C4246F /* Resources */,
				627F9F24CEC9D0C62257B348 /* [CP] Embed Pods Frameworks */,
				8C023DFDCA9D6B3319049F1A /* [CP] Copy Pods Resources */,
			);
			buildRules = (
			);
			dependencies = (
				BAE831041F95DDFA00C4246F /* PBXTargetDependency */,
			);
			name = MovieStoreTests;
			productName = MovieStoreTests;
			productReference = BAE831021F95DDFA00C4246F /* MovieStoreTests.xctest */;
			productType = "com.apple.product-type.bundle.unit-test";
		};
		BAE8310C1F95DDFC00C4246F /* MovieStoreUITests */ = {
			isa = PBXNativeTarget;
			buildConfigurationList = BAE8311C1F95DDFD00C4246F /* Build configuration list for PBXNativeTarget "MovieStoreUITests" */;
			buildPhases = (
				4EDDB473023E70A7A4FE0A5D /* [CP] Check Pods Manifest.lock */,
				BAE831091F95DDFC00C4246F /* Sources */,
				BAE8310A1F95DDFC00C4246F /* Frameworks */,
				BAE8310B1F95DDFC00C4246F /* Resources */,
				1FDE7D91650EA3D194159C11 /* [CP] Embed Pods Frameworks */,
				610B88CD0B1CF9A2171684F9 /* [CP] Copy Pods Resources */,
			);
			buildRules = (
			);
			dependencies = (
				BAE8310F1F95DDFC00C4246F /* PBXTargetDependency */,
			);
			name = MovieStoreUITests;
			productName = MovieStoreUITests;
			productReference = BAE8310D1F95DDFC00C4246F /* MovieStoreUITests.xctest */;
			productType = "com.apple.product-type.bundle.ui-testing";
		};
/* End PBXNativeTarget section */

/* Begin PBXProject section */
		BAE830E31F95DDEE00C4246F /* Project object */ = {
			isa = PBXProject;
			attributes = {
				LastSwiftUpdateCheck = 0900;
				LastUpgradeCheck = 0900;
				ORGANIZATIONNAME = enclaveit;
				TargetAttributes = {
					BAE830EA1F95DDF000C4246F = {
						CreatedOnToolsVersion = 9.0;
						DevelopmentTeam = 6SG85WN8G5;
						ProvisioningStyle = Automatic;
					};
					BAE831011F95DDFA00C4246F = {
						CreatedOnToolsVersion = 9.0;
						DevelopmentTeam = 6SG85WN8G5;
						ProvisioningStyle = Automatic;
						TestTargetID = BAE830EA1F95DDF000C4246F;
					};
					BAE8310C1F95DDFC00C4246F = {
						CreatedOnToolsVersion = 9.0;
						DevelopmentTeam = 6SG85WN8G5;
						ProvisioningStyle = Automatic;
						TestTargetID = BAE830EA1F95DDF000C4246F;
					};
				};
			};
			buildConfigurationList = BAE830E61F95DDEE00C4246F /* Build configuration list for PBXProject "MovieStore" */;
			compatibilityVersion = "Xcode 6.3";
			developmentRegion = en;
			hasScannedForEncodings = 0;
			knownRegions = (
				en,
				Base,
			);
			mainGroup = BAE830E21F95DDEE00C4246F;
			productRefGroup = BAE830EC1F95DDF000C4246F /* Products */;
			projectDirPath = "";
			projectRoot = "";
			targets = (
				BAE830EA1F95DDF000C4246F /* MovieStore */,
				BAE831011F95DDFA00C4246F /* MovieStoreTests */,
				BAE8310C1F95DDFC00C4246F /* MovieStoreUITests */,
			);
		};
/* End PBXProject section */

/* Begin PBXResourcesBuildPhase section */
		BAE830E91F95DDF000C4246F /* Resources */ = {
			isa = PBXResourcesBuildPhase;
			buildActionMask = 2147483647;
			files = (
				BAE830FC1F95DDF800C4246F /* LaunchScreen.storyboard in Resources */,
				BAE830F91F95DDF800C4246F /* Assets.xcassets in Resources */,
				BAE8313E1F95FA3300C4246F /* Podfile in Resources */,
				BAE830F41F95DDF300C4246F /* Main.storyboard in Resources */,
				BA1C50AC1FA89A3500536427 /* MovieViewCell.xib in Resources */,
			);
			runOnlyForDeploymentPostprocessing = 0;
		};
		BAE831001F95DDFA00C4246F /* Resources */ = {
			isa = PBXResourcesBuildPhase;
			buildActionMask = 2147483647;
			files = (
			);
			runOnlyForDeploymentPostprocessing = 0;
		};
		BAE8310B1F95DDFC00C4246F /* Resources */ = {
			isa = PBXResourcesBuildPhase;
			buildActionMask = 2147483647;
			files = (
			);
			runOnlyForDeploymentPostprocessing = 0;
		};
/* End PBXResourcesBuildPhase section */

/* Begin PBXShellScriptBuildPhase section */
		1FDE7D91650EA3D194159C11 /* [CP] Embed Pods Frameworks */ = {
			isa = PBXShellScriptBuildPhase;
			buildActionMask = 2147483647;
			files = (
			);
			inputPaths = (
			);
			name = "[CP] Embed Pods Frameworks";
			outputPaths = (
			);
			runOnlyForDeploymentPostprocessing = 0;
			shellPath = /bin/sh;
			shellScript = "\"${SRCROOT}/Pods/Target Support Files/Pods-MovieStoreUITests/Pods-MovieStoreUITests-frameworks.sh\"\n";
			showEnvVarsInLog = 0;
		};
		3FF35ECB8F23717BE22E898C /* [CP] Copy Pods Resources */ = {
			isa = PBXShellScriptBuildPhase;
			buildActionMask = 2147483647;
			files = (
			);
			inputPaths = (
			);
			name = "[CP] Copy Pods Resources";
			outputPaths = (
			);
			runOnlyForDeploymentPostprocessing = 0;
			shellPath = /bin/sh;
			shellScript = "\"${SRCROOT}/Pods/Target Support Files/Pods-MovieStore/Pods-MovieStore-resources.sh\"\n";
			showEnvVarsInLog = 0;
		};
		4EDDB473023E70A7A4FE0A5D /* [CP] Check Pods Manifest.lock */ = {
			isa = PBXShellScriptBuildPhase;
			buildActionMask = 2147483647;
			files = (
			);
			inputPaths = (
			);
			name = "[CP] Check Pods Manifest.lock";
			outputPaths = (
			);
			runOnlyForDeploymentPostprocessing = 0;
			shellPath = /bin/sh;
			shellScript = "diff \"${PODS_PODFILE_DIR_PATH}/Podfile.lock\" \"${PODS_ROOT}/Manifest.lock\" > /dev/null\nif [ $? != 0 ] ; then\n    # print error to STDERR\n    echo \"error: The sandbox is not in sync with the Podfile.lock. Run 'pod install' or update your CocoaPods installation.\" >&2\n    exit 1\nfi\n";
			showEnvVarsInLog = 0;
		};
		610B88CD0B1CF9A2171684F9 /* [CP] Copy Pods Resources */ = {
			isa = PBXShellScriptBuildPhase;
			buildActionMask = 2147483647;
			files = (
			);
			inputPaths = (
			);
			name = "[CP] Copy Pods Resources";
			outputPaths = (
			);
			runOnlyForDeploymentPostprocessing = 0;
			shellPath = /bin/sh;
			shellScript = "\"${SRCROOT}/Pods/Target Support Files/Pods-MovieStoreUITests/Pods-MovieStoreUITests-resources.sh\"\n";
			showEnvVarsInLog = 0;
		};
		627F9F24CEC9D0C62257B348 /* [CP] Embed Pods Frameworks */ = {
			isa = PBXShellScriptBuildPhase;
			buildActionMask = 2147483647;
			files = (
			);
			inputPaths = (
			);
			name = "[CP] Embed Pods Frameworks";
			outputPaths = (
			);
			runOnlyForDeploymentPostprocessing = 0;
			shellPath = /bin/sh;
			shellScript = "\"${SRCROOT}/Pods/Target Support Files/Pods-MovieStoreTests/Pods-MovieStoreTests-frameworks.sh\"\n";
			showEnvVarsInLog = 0;
		};
		69A35094C4D208719531FA7E /* [CP] Embed Pods Frameworks */ = {
			isa = PBXShellScriptBuildPhase;
			buildActionMask = 2147483647;
			files = (
			);
			inputPaths = (
			);
			name = "[CP] Embed Pods Frameworks";
			outputPaths = (
			);
			runOnlyForDeploymentPostprocessing = 0;
			shellPath = /bin/sh;
			shellScript = "\"${SRCROOT}/Pods/Target Support Files/Pods-MovieStore/Pods-MovieStore-frameworks.sh\"\n";
			showEnvVarsInLog = 0;
		};
		69C1BF984310AF841B5DA319 /* [CP] Check Pods Manifest.lock */ = {
			isa = PBXShellScriptBuildPhase;
			buildActionMask = 2147483647;
			files = (
			);
			inputPaths = (
			);
			name = "[CP] Check Pods Manifest.lock";
			outputPaths = (
			);
			runOnlyForDeploymentPostprocessing = 0;
			shellPath = /bin/sh;
			shellScript = "diff \"${PODS_PODFILE_DIR_PATH}/Podfile.lock\" \"${PODS_ROOT}/Manifest.lock\" > /dev/null\nif [ $? != 0 ] ; then\n    # print error to STDERR\n    echo \"error: The sandbox is not in sync with the Podfile.lock. Run 'pod install' or update your CocoaPods installation.\" >&2\n    exit 1\nfi\n";
			showEnvVarsInLog = 0;
		};
		8C023DFDCA9D6B3319049F1A /* [CP] Copy Pods Resources */ = {
			isa = PBXShellScriptBuildPhase;
			buildActionMask = 2147483647;
			files = (
			);
			inputPaths = (
			);
			name = "[CP] Copy Pods Resources";
			outputPaths = (
			);
			runOnlyForDeploymentPostprocessing = 0;
			shellPath = /bin/sh;
			shellScript = "\"${SRCROOT}/Pods/Target Support Files/Pods-MovieStoreTests/Pods-MovieStoreTests-resources.sh\"\n";
			showEnvVarsInLog = 0;
		};
		EAB067B9571BDDEC9F646DE6 /* [CP] Check Pods Manifest.lock */ = {
			isa = PBXShellScriptBuildPhase;
			buildActionMask = 2147483647;
			files = (
			);
			inputPaths = (
			);
			name = "[CP] Check Pods Manifest.lock";
			outputPaths = (
			);
			runOnlyForDeploymentPostprocessing = 0;
			shellPath = /bin/sh;
			shellScript = "diff \"${PODS_PODFILE_DIR_PATH}/Podfile.lock\" \"${PODS_ROOT}/Manifest.lock\" > /dev/null\nif [ $? != 0 ] ; then\n    # print error to STDERR\n    echo \"error: The sandbox is not in sync with the Podfile.lock. Run 'pod install' or update your CocoaPods installation.\" >&2\n    exit 1\nfi\n";
			showEnvVarsInLog = 0;
		};
/* End PBXShellScriptBuildPhase section */

/* Begin PBXSourcesBuildPhase section */
		BAE830E71F95DDF000C4246F /* Sources */ = {
			isa = PBXSourcesBuildPhase;
			buildActionMask = 2147483647;
			files = (
				BA75F7D71F988C0300BFA5DF /* Constants.swift in Sources */,
				BAE830F11F95DDF200C4246F /* ViewController.swift in Sources */,
				BA897ED91FA6DF6B007755F5 /* APIManager.swift in Sources */,
				BA1C50AA1FA8981F00536427 /* PopularViewController.swift in Sources */,
				BAE830EF1F95DDF100C4246F /* AppDelegate.swift in Sources */,
				BA75F7D51F988A0000BFA5DF /* Movie.swift in Sources */,
				BA78FF151FA6C43300D44857 /* AboutViewController.swift in Sources */,
				FC4917DC1FA914A000581CDF /* GridLayout.swift in Sources */,
				FC4917DE1FA9151600581CDF /* MovieCollectionViewCell.swift in Sources */,
				BA85DA551FA9B4E800D947C2 /* FavoriteViewController.swift in Sources */,
				FC4917E11FA93F2900581CDF /* ListLayout.swift in Sources */,
				BAE830F71F95DDF600C4246F /* MovieStore.xcdatamodeld in Sources */,
				BA897EDB1FA6DF80007755F5 /* MovieAPI.swift in Sources */,
			);
			runOnlyForDeploymentPostprocessing = 0;
		};
		BAE830FE1F95DDFA00C4246F /* Sources */ = {
			isa = PBXSourcesBuildPhase;
			buildActionMask = 2147483647;
			files = (
				BAE831071F95DDFC00C4246F /* MovieStoreTests.swift in Sources */,
			);
			runOnlyForDeploymentPostprocessing = 0;
		};
		BAE831091F95DDFC00C4246F /* Sources */ = {
			isa = PBXSourcesBuildPhase;
			buildActionMask = 2147483647;
			files = (
				BAE831121F95DDFD00C4246F /* MovieStoreUITests.swift in Sources */,
			);
			runOnlyForDeploymentPostprocessing = 0;
		};
/* End PBXSourcesBuildPhase section */

/* Begin PBXTargetDependency section */
		BAE831041F95DDFA00C4246F /* PBXTargetDependency */ = {
			isa = PBXTargetDependency;
			target = BAE830EA1F95DDF000C4246F /* MovieStore */;
			targetProxy = BAE831031F95DDFA00C4246F /* PBXContainerItemProxy */;
		};
		BAE8310F1F95DDFC00C4246F /* PBXTargetDependency */ = {
			isa = PBXTargetDependency;
			target = BAE830EA1F95DDF000C4246F /* MovieStore */;
			targetProxy = BAE8310E1F95DDFC00C4246F /* PBXContainerItemProxy */;
		};
/* End PBXTargetDependency section */

/* Begin PBXVariantGroup section */
		BAE830F21F95DDF300C4246F /* Main.storyboard */ = {
			isa = PBXVariantGroup;
			children = (
				BAE830F31F95DDF300C4246F /* Base */,
			);
			name = Main.storyboard;
			sourceTree = "<group>";
		};
		BAE830FA1F95DDF800C4246F /* LaunchScreen.storyboard */ = {
			isa = PBXVariantGroup;
			children = (
				BAE830FB1F95DDF800C4246F /* Base */,
			);
			name = LaunchScreen.storyboard;
			sourceTree = "<group>";
		};
/* End PBXVariantGroup section */

/* Begin XCBuildConfiguration section */
		BAE831141F95DDFD00C4246F /* Debug */ = {
			isa = XCBuildConfiguration;
			buildSettings = {
				ALWAYS_SEARCH_USER_PATHS = NO;
				CLANG_ANALYZER_NONNULL = YES;
				CLANG_ANALYZER_NUMBER_OBJECT_CONVERSION = YES_AGGRESSIVE;
				CLANG_CXX_LANGUAGE_STANDARD = "gnu++14";
				CLANG_CXX_LIBRARY = "libc++";
				CLANG_ENABLE_MODULES = YES;
				CLANG_ENABLE_OBJC_ARC = YES;
				CLANG_WARN_BLOCK_CAPTURE_AUTORELEASING = YES;
				CLANG_WARN_BOOL_CONVERSION = YES;
				CLANG_WARN_COMMA = YES;
				CLANG_WARN_CONSTANT_CONVERSION = YES;
				CLANG_WARN_DIRECT_OBJC_ISA_USAGE = YES_ERROR;
				CLANG_WARN_DOCUMENTATION_COMMENTS = YES;
				CLANG_WARN_EMPTY_BODY = YES;
				CLANG_WARN_ENUM_CONVERSION = YES;
				CLANG_WARN_INFINITE_RECURSION = YES;
				CLANG_WARN_INT_CONVERSION = YES;
				CLANG_WARN_NON_LITERAL_NULL_CONVERSION = YES;
				CLANG_WARN_OBJC_LITERAL_CONVERSION = YES;
				CLANG_WARN_OBJC_ROOT_CLASS = YES_ERROR;
				CLANG_WARN_RANGE_LOOP_ANALYSIS = YES;
				CLANG_WARN_STRICT_PROTOTYPES = YES;
				CLANG_WARN_SUSPICIOUS_MOVE = YES;
				CLANG_WARN_UNGUARDED_AVAILABILITY = YES_AGGRESSIVE;
				CLANG_WARN_UNREACHABLE_CODE = YES;
				CLANG_WARN__DUPLICATE_METHOD_MATCH = YES;
				CODE_SIGN_IDENTITY = "iPhone Developer";
				COPY_PHASE_STRIP = NO;
				DEBUG_INFORMATION_FORMAT = dwarf;
				ENABLE_STRICT_OBJC_MSGSEND = YES;
				ENABLE_TESTABILITY = YES;
				GCC_C_LANGUAGE_STANDARD = gnu11;
				GCC_DYNAMIC_NO_PIC = NO;
				GCC_NO_COMMON_BLOCKS = YES;
				GCC_OPTIMIZATION_LEVEL = 0;
				GCC_PREPROCESSOR_DEFINITIONS = (
					"DEBUG=1",
					"$(inherited)",
				);
				GCC_WARN_64_TO_32_BIT_CONVERSION = YES;
				GCC_WARN_ABOUT_RETURN_TYPE = YES_ERROR;
				GCC_WARN_UNDECLARED_SELECTOR = YES;
				GCC_WARN_UNINITIALIZED_AUTOS = YES_AGGRESSIVE;
				GCC_WARN_UNUSED_FUNCTION = YES;
				GCC_WARN_UNUSED_VARIABLE = YES;
				IPHONEOS_DEPLOYMENT_TARGET = 9.0;
				MTL_ENABLE_DEBUG_INFO = YES;
				ONLY_ACTIVE_ARCH = YES;
				SDKROOT = iphoneos;
				SWIFT_ACTIVE_COMPILATION_CONDITIONS = DEBUG;
				SWIFT_OPTIMIZATION_LEVEL = "-Onone";
				SWIFT_VERSION = 3.0;
			};
			name = Debug;
		};
		BAE831151F95DDFD00C4246F /* Release */ = {
			isa = XCBuildConfiguration;
			buildSettings = {
				ALWAYS_SEARCH_USER_PATHS = NO;
				CLANG_ANALYZER_NONNULL = YES;
				CLANG_ANALYZER_NUMBER_OBJECT_CONVERSION = YES_AGGRESSIVE;
				CLANG_CXX_LANGUAGE_STANDARD = "gnu++14";
				CLANG_CXX_LIBRARY = "libc++";
				CLANG_ENABLE_MODULES = YES;
				CLANG_ENABLE_OBJC_ARC = YES;
				CLANG_WARN_BLOCK_CAPTURE_AUTORELEASING = YES;
				CLANG_WARN_BOOL_CONVERSION = YES;
				CLANG_WARN_COMMA = YES;
				CLANG_WARN_CONSTANT_CONVERSION = YES;
				CLANG_WARN_DIRECT_OBJC_ISA_USAGE = YES_ERROR;
				CLANG_WARN_DOCUMENTATION_COMMENTS = YES;
				CLANG_WARN_EMPTY_BODY = YES;
				CLANG_WARN_ENUM_CONVERSION = YES;
				CLANG_WARN_INFINITE_RECURSION = YES;
				CLANG_WARN_INT_CONVERSION = YES;
				CLANG_WARN_NON_LITERAL_NULL_CONVERSION = YES;
				CLANG_WARN_OBJC_LITERAL_CONVERSION = YES;
				CLANG_WARN_OBJC_ROOT_CLASS = YES_ERROR;
				CLANG_WARN_RANGE_LOOP_ANALYSIS = YES;
				CLANG_WARN_STRICT_PROTOTYPES = YES;
				CLANG_WARN_SUSPICIOUS_MOVE = YES;
				CLANG_WARN_UNGUARDED_AVAILABILITY = YES_AGGRESSIVE;
				CLANG_WARN_UNREACHABLE_CODE = YES;
				CLANG_WARN__DUPLICATE_METHOD_MATCH = YES;
				CODE_SIGN_IDENTITY = "iPhone Developer";
				COPY_PHASE_STRIP = NO;
				DEBUG_INFORMATION_FORMAT = "dwarf-with-dsym";
				ENABLE_NS_ASSERTIONS = NO;
				ENABLE_STRICT_OBJC_MSGSEND = YES;
				GCC_C_LANGUAGE_STANDARD = gnu11;
				GCC_NO_COMMON_BLOCKS = YES;
				GCC_WARN_64_TO_32_BIT_CONVERSION = YES;
				GCC_WARN_ABOUT_RETURN_TYPE = YES_ERROR;
				GCC_WARN_UNDECLARED_SELECTOR = YES;
				GCC_WARN_UNINITIALIZED_AUTOS = YES_AGGRESSIVE;
				GCC_WARN_UNUSED_FUNCTION = YES;
				GCC_WARN_UNUSED_VARIABLE = YES;
				IPHONEOS_DEPLOYMENT_TARGET = 9.0;
				MTL_ENABLE_DEBUG_INFO = NO;
				SDKROOT = iphoneos;
				SWIFT_OPTIMIZATION_LEVEL = "-Owholemodule";
				SWIFT_VERSION = 3.0;
				VALIDATE_PRODUCT = YES;
			};
			name = Release;
		};
		BAE831171F95DDFD00C4246F /* Debug */ = {
			isa = XCBuildConfiguration;
			baseConfigurationReference = 6279AD61952A21DEC90DBF7E /* Pods-MovieStore.debug.xcconfig */;
			buildSettings = {
				ASSETCATALOG_COMPILER_APPICON_NAME = AppIcon;
				CODE_SIGN_STYLE = Automatic;
				DEVELOPMENT_TEAM = 6SG85WN8G5;
				INFOPLIST_FILE = MovieStore/Info.plist;
				LD_RUNPATH_SEARCH_PATHS = "$(inherited) @executable_path/Frameworks";
				PRODUCT_BUNDLE_IDENTIFIER = enclave.MovieStore;
				PRODUCT_NAME = "$(TARGET_NAME)";
				SWIFT_VERSION = 3.0;
				TARGETED_DEVICE_FAMILY = "1,2";
			};
			name = Debug;
		};
		BAE831181F95DDFD00C4246F /* Release */ = {
			isa = XCBuildConfiguration;
			baseConfigurationReference = E4E1CDDFD2AF8E7DB6A94D2A /* Pods-MovieStore.release.xcconfig */;
			buildSettings = {
				ASSETCATALOG_COMPILER_APPICON_NAME = AppIcon;
				CODE_SIGN_STYLE = Automatic;
				DEVELOPMENT_TEAM = 6SG85WN8G5;
				INFOPLIST_FILE = MovieStore/Info.plist;
				LD_RUNPATH_SEARCH_PATHS = "$(inherited) @executable_path/Frameworks";
				PRODUCT_BUNDLE_IDENTIFIER = enclave.MovieStore;
				PRODUCT_NAME = "$(TARGET_NAME)";
				SWIFT_VERSION = 3.0;
				TARGETED_DEVICE_FAMILY = "1,2";
			};
			name = Release;
		};
		BAE8311A1F95DDFD00C4246F /* Debug */ = {
			isa = XCBuildConfiguration;
			baseConfigurationReference = 35FC258CB59279DAC7E9F8A9 /* Pods-MovieStoreTests.debug.xcconfig */;
			buildSettings = {
				ALWAYS_EMBED_SWIFT_STANDARD_LIBRARIES = YES;
				BUNDLE_LOADER = "$(TEST_HOST)";
				CODE_SIGN_STYLE = Automatic;
				DEVELOPMENT_TEAM = 6SG85WN8G5;
				INFOPLIST_FILE = MovieStoreTests/Info.plist;
				LD_RUNPATH_SEARCH_PATHS = "$(inherited) @executable_path/Frameworks @loader_path/Frameworks";
				PRODUCT_BUNDLE_IDENTIFIER = enclave.MovieStoreTests;
				PRODUCT_NAME = "$(TARGET_NAME)";
				SWIFT_VERSION = 4.0;
				TARGETED_DEVICE_FAMILY = "1,2";
				TEST_HOST = "$(BUILT_PRODUCTS_DIR)/MovieStore.app/MovieStore";
			};
			name = Debug;
		};
		BAE8311B1F95DDFD00C4246F /* Release */ = {
			isa = XCBuildConfiguration;
			baseConfigurationReference = 255AFD4BF3ACA1765EA80B05 /* Pods-MovieStoreTests.release.xcconfig */;
			buildSettings = {
				ALWAYS_EMBED_SWIFT_STANDARD_LIBRARIES = YES;
				BUNDLE_LOADER = "$(TEST_HOST)";
				CODE_SIGN_STYLE = Automatic;
				DEVELOPMENT_TEAM = 6SG85WN8G5;
				INFOPLIST_FILE = MovieStoreTests/Info.plist;
				LD_RUNPATH_SEARCH_PATHS = "$(inherited) @executable_path/Frameworks @loader_path/Frameworks";
				PRODUCT_BUNDLE_IDENTIFIER = enclave.MovieStoreTests;
				PRODUCT_NAME = "$(TARGET_NAME)";
				SWIFT_VERSION = 4.0;
				TARGETED_DEVICE_FAMILY = "1,2";
				TEST_HOST = "$(BUILT_PRODUCTS_DIR)/MovieStore.app/MovieStore";
			};
			name = Release;
		};
		BAE8311D1F95DDFD00C4246F /* Debug */ = {
			isa = XCBuildConfiguration;
			baseConfigurationReference = C730B3F58BC3F783F123829A /* Pods-MovieStoreUITests.debug.xcconfig */;
			buildSettings = {
				ALWAYS_EMBED_SWIFT_STANDARD_LIBRARIES = YES;
				CODE_SIGN_STYLE = Automatic;
				DEVELOPMENT_TEAM = 6SG85WN8G5;
				INFOPLIST_FILE = MovieStoreUITests/Info.plist;
				LD_RUNPATH_SEARCH_PATHS = "$(inherited) @executable_path/Frameworks @loader_path/Frameworks";
				PRODUCT_BUNDLE_IDENTIFIER = enclave.MovieStoreUITests;
				PRODUCT_NAME = "$(TARGET_NAME)";
				SWIFT_VERSION = 4.0;
				TARGETED_DEVICE_FAMILY = "1,2";
				TEST_TARGET_NAME = MovieStore;
			};
			name = Debug;
		};
		BAE8311E1F95DDFD00C4246F /* Release */ = {
			isa = XCBuildConfiguration;
			baseConfigurationReference = 077034FDDA904EBC38A0006D /* Pods-MovieStoreUITests.release.xcconfig */;
			buildSettings = {
				ALWAYS_EMBED_SWIFT_STANDARD_LIBRARIES = YES;
				CODE_SIGN_STYLE = Automatic;
				DEVELOPMENT_TEAM = 6SG85WN8G5;
				INFOPLIST_FILE = MovieStoreUITests/Info.plist;
				LD_RUNPATH_SEARCH_PATHS = "$(inherited) @executable_path/Frameworks @loader_path/Frameworks";
				PRODUCT_BUNDLE_IDENTIFIER = enclave.MovieStoreUITests;
				PRODUCT_NAME = "$(TARGET_NAME)";
				SWIFT_VERSION = 4.0;
				TARGETED_DEVICE_FAMILY = "1,2";
				TEST_TARGET_NAME = MovieStore;
			};
			name = Release;
		};
/* End XCBuildConfiguration section */

/* Begin XCConfigurationList section */
		BAE830E61F95DDEE00C4246F /* Build configuration list for PBXProject "MovieStore" */ = {
			isa = XCConfigurationList;
			buildConfigurations = (
				BAE831141F95DDFD00C4246F /* Debug */,
				BAE831151F95DDFD00C4246F /* Release */,
			);
			defaultConfigurationIsVisible = 0;
			defaultConfigurationName = Release;
		};
		BAE831161F95DDFD00C4246F /* Build configuration list for PBXNativeTarget "MovieStore" */ = {
			isa = XCConfigurationList;
			buildConfigurations = (
				BAE831171F95DDFD00C4246F /* Debug */,
				BAE831181F95DDFD00C4246F /* Release */,
			);
			defaultConfigurationIsVisible = 0;
			defaultConfigurationName = Release;
		};
		BAE831191F95DDFD00C4246F /* Build configuration list for PBXNativeTarget "MovieStoreTests" */ = {
			isa = XCConfigurationList;
			buildConfigurations = (
				BAE8311A1F95DDFD00C4246F /* Debug */,
				BAE8311B1F95DDFD00C4246F /* Release */,
			);
			defaultConfigurationIsVisible = 0;
			defaultConfigurationName = Release;
		};
		BAE8311C1F95DDFD00C4246F /* Build configuration list for PBXNativeTarget "MovieStoreUITests" */ = {
			isa = XCConfigurationList;
			buildConfigurations = (
				BAE8311D1F95DDFD00C4246F /* Debug */,
				BAE8311E1F95DDFD00C4246F /* Release */,
			);
			defaultConfigurationIsVisible = 0;
			defaultConfigurationName = Release;
		};
/* End XCConfigurationList section */

/* Begin XCVersionGroup section */
		BAE830F51F95DDF500C4246F /* MovieStore.xcdatamodeld */ = {
			isa = XCVersionGroup;
			children = (
				BAE830F61F95DDF500C4246F /* MovieStore.xcdatamodel */,
			);
			currentVersion = BAE830F61F95DDF500C4246F /* MovieStore.xcdatamodel */;
			path = MovieStore.xcdatamodeld;
			sourceTree = "<group>";
			versionGroupType = wrapper.xcdatamodel;
		};
/* End XCVersionGroup section */
	};
	rootObject = BAE830E31F95DDEE00C4246F /* Project object */;
}
